
Microsoft Visual Studio Solution File, Format Version 12.00
# Visual Studio Version 17
VisualStudioVersion = 17.9.34728.123
MinimumVisualStudioVersion = 10.0.40219.1
Project("{9A19103F-16F7-4668-BE54-9A1E7A4F7556}") = "NetDexTest-01-MVC", "NetDexTest-01-MVC\NetDexTest-01-MVC.csproj", "{A256720C-378B-416B-998B-4F4591B1D9D9}"
EndProject
Global
	GlobalSection(SolutionConfigurationPlatforms) = preSolution
		Debug|Any CPU = Debug|Any CPU
		Release|Any CPU = Release|Any CPU
	EndGlobalSection
	GlobalSection(ProjectConfigurationPlatforms) = postSolution
		{A256720C-378B-416B-998B-4F4591B1D9D9}.Debug|Any CPU.ActiveCfg = Debug|Any CPU
		{A256720C-378B-416B-998B-4F4591B1D9D9}.Debug|Any CPU.Build.0 = Debug|Any CPU
		{A256720C-378B-416B-998B-4F4591B1D9D9}.Release|Any CPU.ActiveCfg = Release|Any CPU
		{A256720C-378B-416B-998B-4F4591B1D9D9}.Release|Any CPU.Build.0 = Release|Any CPU
	EndGlobalSection
	GlobalSection(SolutionProperties) = preSolution
		HideSolutionNode = FALSE
	EndGlobalSection
	GlobalSection(ExtensibilityGlobals) = postSolution
		SolutionGuid = {B485163B-CAB8-4491-B260-2C6790208597}
	EndGlobalSection
EndGlobal
