
Microsoft Visual Studio Solution File, Format Version 12.00
# Visual Studio Version 17
VisualStudioVersion = 17.8.34525.116
MinimumVisualStudioVersion = 10.0.40219.1
Project("{FAE04EC0-301F-11D3-BF4B-00C04F79EFBC}") = "NetDexTest-01", "NetDexTest-01\NetDexTest-01.csproj", "{C9993FFF-E56A-4EDE-BA9D-4CE3AB60173C}"
EndProject
Global
	GlobalSection(SolutionConfigurationPlatforms) = preSolution
		Debug|Any CPU = Debug|Any CPU
		Release|Any CPU = Release|Any CPU
	EndGlobalSection
	GlobalSection(ProjectConfigurationPlatforms) = postSolution
		{C9993FFF-E56A-4EDE-BA9D-4CE3AB60173C}.Debug|Any CPU.ActiveCfg = Debug|Any CPU
		{C9993FFF-E56A-4EDE-BA9D-4CE3AB60173C}.Debug|Any CPU.Build.0 = Debug|Any CPU
		{C9993FFF-E56A-4EDE-BA9D-4CE3AB60173C}.Release|Any CPU.ActiveCfg = Release|Any CPU
		{C9993FFF-E56A-4EDE-BA9D-4CE3AB60173C}.Release|Any CPU.Build.0 = Release|Any CPU
	EndGlobalSection
	GlobalSection(SolutionProperties) = preSolution
		HideSolutionNode = FALSE
	EndGlobalSection
	GlobalSection(ExtensibilityGlobals) = postSolution
		SolutionGuid = {3365CF94-373E-4D7B-A75D-098E31A057A5}
	EndGlobalSection
EndGlobal
